
Microsoft Visual Studio Solution File, Format Version 12.00
# Visual Studio Version 17
VisualStudioVersion = 17.12.35527.113
MinimumVisualStudioVersion = 10.0.40219.1
Project("{2150E333-8FDC-42A3-9474-1A3956D46DE8}") = "Solution Items", "Solution Items", "{150D2F84-A485-441A-83CE-2B1303F070A0}"
EndProject
Project("{FAE04EC0-301F-11D3-BF4B-00C04F79EFBC}") = "SongTagger.Web", "SongTagger.Web\SongTagger.Web.csproj", "{71AA3888-B460-4E6B-9F95-6D63C33EF494}"
EndProject
Project("{FAE04EC0-301F-11D3-BF4B-00C04F79EFBC}") = "SongTagger.Web.Client", "SongTagger.Web.Client\SongTagger.Web.Client.csproj", "{89B5E983-337A-489D-BC9E-9F70BB7384F2}"
EndProject
Global
	GlobalSection(SolutionConfigurationPlatforms) = preSolution
		Debug|Any CPU = Debug|Any CPU
		Release|Any CPU = Release|Any CPU
	EndGlobalSection
	GlobalSection(ProjectConfigurationPlatforms) = postSolution
		{71AA3888-B460-4E6B-9F95-6D63C33EF494}.Debug|Any CPU.ActiveCfg = Debug|Any CPU
		{71AA3888-B460-4E6B-9F95-6D63C33EF494}.Debug|Any CPU.Build.0 = Debug|Any CPU
		{71AA3888-B460-4E6B-9F95-6D63C33EF494}.Release|Any CPU.ActiveCfg = Release|Any CPU
		{71AA3888-B460-4E6B-9F95-6D63C33EF494}.Release|Any CPU.Build.0 = Release|Any CPU
		{89B5E983-337A-489D-BC9E-9F70BB7384F2}.Debug|Any CPU.ActiveCfg = Debug|Any CPU
		{89B5E983-337A-489D-BC9E-9F70BB7384F2}.Debug|Any CPU.Build.0 = Debug|Any CPU
		{89B5E983-337A-489D-BC9E-9F70BB7384F2}.Release|Any CPU.ActiveCfg = Release|Any CPU
		{89B5E983-337A-489D-BC9E-9F70BB7384F2}.Release|Any CPU.Build.0 = Release|Any CPU
	EndGlobalSection
	GlobalSection(SolutionProperties) = preSolution
		HideSolutionNode = FALSE
	EndGlobalSection
EndGlobal
